
Microsoft Visual Studio Solution File, Format Version 12.00
# Visual Studio Version 16
VisualStudioVersion = 16.0.29324.140
MinimumVisualStudioVersion = 10.0.40219.1
Project("{FAE04EC0-301F-11D3-BF4B-00C04F79EFBC}") = "ShortestPathAlgorithm", "ShortestPathAlgorithm.csproj", "{8CD2D3A2-7812-427D-88E7-32F187054A43}"
EndProject
Global
	GlobalSection(SolutionConfigurationPlatforms) = preSolution
		Debug|Any CPU = Debug|Any CPU
		Release|Any CPU = Release|Any CPU
	EndGlobalSection
	GlobalSection(ProjectConfigurationPlatforms) = postSolution
		{8CD2D3A2-7812-427D-88E7-32F187054A43}.Debug|Any CPU.ActiveCfg = Debug|Any CPU
		{8CD2D3A2-7812-427D-88E7-32F187054A43}.Debug|Any CPU.Build.0 = Debug|Any CPU
		{8CD2D3A2-7812-427D-88E7-32F187054A43}.Release|Any CPU.ActiveCfg = Release|Any CPU
		{8CD2D3A2-7812-427D-88E7-32F187054A43}.Release|Any CPU.Build.0 = Release|Any CPU
	EndGlobalSection
	GlobalSection(SolutionProperties) = preSolution
		HideSolutionNode = FALSE
	EndGlobalSection
	GlobalSection(ExtensibilityGlobals) = postSolution
		SolutionGuid = {15FF4E92-3641-4C5E-BB2E-CC9F7813EE9A}
	EndGlobalSection
EndGlobal
